urls_downloaded_cb({"token": "Gtk.prototype.lock", "urls": [{"url": "gtkaccelgroup-h.html#gtk_accel_group_lock", "context": {"gi-language": ["javascript"]}}, {"url": "gtkaccelgroup-h.html#gtk_accel_group_unlock", "context": {"gi-language": ["javascript"]}}, {"url": "gtkaccelgroup-h.html#gtk_accel_group_get_is_locked", "context": {"gi-language": ["javascript"]}}]});