urls_downloaded_cb({"token": "gtk.accelgroup.lock", "urls": [{"url": "gtkaccelgroup-h.html#gtk_accel_group_lock", "context": {"gi-language": ["python"]}}, {"url": "gtkaccelgroup-h.html#gtk_accel_group_unlock", "context": {"gi-language": ["python"]}}, {"url": "gtkaccelgroup-h.html#gtk_accel_group_get_is_locked", "context": {"gi-language": ["python"]}}]});